
Microsoft Visual Studio Solution File, Format Version 12.00
# Visual Studio 15
VisualStudioVersion = 15.0.26430.16
MinimumVisualStudioVersion = 10.0.40219.1
Project("{FAE04EC0-301F-11D3-BF4B-00C04F79EFBC}") = "Maca134.Arma.DllExport", "Maca134.Arma.DllExport\Maca134.Arma.DllExport.csproj", "{71999739-5953-4C86-B8A1-22F212171995}"
EndProject
Project("{FAE04EC0-301F-11D3-BF4B-00C04F79EFBC}") = "Maca134.Arma.DllExport.MsBuild", "Maca134.Arma.DllExport.MsBuild\Maca134.Arma.DllExport.MsBuild.csproj", "{203924DD-B8D3-4D38-92B3-B01A5ACB778D}"
EndProject
Global
	GlobalSection(SolutionConfigurationPlatforms) = preSolution
		Debug|Any CPU = Debug|Any CPU
		Release|Any CPU = Release|Any CPU
	EndGlobalSection
	GlobalSection(ProjectConfigurationPlatforms) = postSolution
		{71999739-5953-4C86-B8A1-22F212171995}.Debug|Any CPU.ActiveCfg = Debug|Any CPU
		{71999739-5953-4C86-B8A1-22F212171995}.Debug|Any CPU.Build.0 = Debug|Any CPU
		{71999739-5953-4C86-B8A1-22F212171995}.Release|Any CPU.ActiveCfg = Release|Any CPU
		{71999739-5953-4C86-B8A1-22F212171995}.Release|Any CPU.Build.0 = Release|Any CPU
		{203924DD-B8D3-4D38-92B3-B01A5ACB778D}.Debug|Any CPU.ActiveCfg = Debug|Any CPU
		{203924DD-B8D3-4D38-92B3-B01A5ACB778D}.Debug|Any CPU.Build.0 = Debug|Any CPU
		{203924DD-B8D3-4D38-92B3-B01A5ACB778D}.Release|Any CPU.ActiveCfg = Release|Any CPU
		{203924DD-B8D3-4D38-92B3-B01A5ACB778D}.Release|Any CPU.Build.0 = Release|Any CPU
	EndGlobalSection
	GlobalSection(SolutionProperties) = preSolution
		HideSolutionNode = FALSE
	EndGlobalSection
EndGlobal
